// !$*UTF8*$!
{
	archiveVersion = 1;
	classes = {
	};
	objectVersion = 46;
	objects = {

/* Begin PBXBuildFile section */
		A5BECF9893DDD1A6FA1434D6 /* Pods_FormTableView.framework in Frameworks */ = {isa = PBXBuildFile; fileRef = CFA65C55E4BF662CF33B6C1D /* Pods_FormTableView.framework */; };
		F44E61951E162B79001609C6 /* AppDelegate.swift in Sources */ = {isa = PBXBuildFile; fileRef = F44E61941E162B79001609C6 /* AppDelegate.swift */; };
		F44E61971E162B79001609C6 /* ViewController.swift in Sources */ = {isa = PBXBuildFile; fileRef = F44E61961E162B79001609C6 /* ViewController.swift */; };
		F44E619A1E162B79001609C6 /* Main.storyboard in Resources */ = {isa = PBXBuildFile; fileRef = F44E61981E162B79001609C6 /* Main.storyboard */; };
		F44E619C1E162B79001609C6 /* Assets.xcassets in Resources */ = {isa = PBXBuildFile; fileRef = F44E619B1E162B79001609C6 /* Assets.xcassets */; };
		F44E619F1E162B79001609C6 /* LaunchScreen.storyboard in Resources */ = {isa = PBXBuildFile; fileRef = F44E619D1E162B79001609C6 /* LaunchScreen.storyboard */; };
/* End PBXBuildFile section */

/* Begin PBXFileReference section */
		BADA7F2E807271C46995A071 /* Pods-FormTableView.release.xcconfig */ = {isa = PBXFileReference; includeInIndex = 1; lastKnownFileType = text.xcconfig; name = "Pods-FormTableView.release.xcconfig"; path = "Pods/Target Support Files/Pods-FormTableView/Pods-FormTableView.release.xcconfig"; sourceTree = "<group>"; };
		CFA65C55E4BF662CF33B6C1D /* Pods_FormTableView.framework */ = {isa = PBXFileReference; explicitFileType = wrapper.framework; includeInIndex = 0; path = Pods_FormTableView.framework; sourceTree = BUILT_PRODUCTS_DIR; };
		EB5BCBD0E4EDBF0E35E64A22 /* Pods-FormTableView.debug.xcconfig */ = {isa = PBXFileReference; includeInIndex = 1; lastKnownFileType = text.xcconfig; name = "Pods-FormTableView.debug.xcconfig"; path = "Pods/Target Support Files/Pods-FormTableView/Pods-FormTableView.debug.xcconfig"; sourceTree = "<group>"; };
		F44E61911E162B79001609C6 /* FormTableView.app */ = {isa = PBXFileReference; explicitFileType = wrapper.application; includeInIndex = 0; path = FormTableView.app; sourceTree = BUILT_PRODUCTS_DIR; };
		F44E61941E162B79001609C6 /* AppDelegate.swift */ = {isa = PBXFileReference; lastKnownFileType = sourcecode.swift; path = AppDelegate.swift; sourceTree = "<group>"; };
		F44E61961E162B79001609C6 /* ViewController.swift */ = {isa = PBXFileReference; lastKnownFileType = sourcecode.swift; path = ViewController.swift; sourceTree = "<group>"; };
		F44E61991E162B79001609C6 /* Base */ = {isa = PBXFileReference; lastKnownFileType = file.storyboard; name = Base; path = Base.lproj/Main.storyboard; sourceTree = "<group>"; };
		F44E619B1E162B79001609C6 /* Assets.xcassets */ = {isa = PBXFileReference; lastKnownFileType = folder.assetcatalog; path = Assets.xcassets; sourceTree = "<group>"; };
		F44E619E1E162B79001609C6 /* Base */ = {isa = PBXFileReference; lastKnownFileType = file.storyboard; name = Base; path = Base.lproj/LaunchScreen.storyboard; sourceTree = "<group>"; };
		F44E61A01E162B7A001609C6 /* Info.plist */ = {isa = PBXFileReference; lastKnownFileType = text.plist.xml; path = Info.plist; sourceTree = "<group>"; };
/* End PBXFileReference section */

/* Begin PBXFrameworksBuildPhase section */
		F44E618E1E162B79001609C6 /* Frameworks */ = {
			isa = PBXFrameworksBuildPhase;
			buildActionMask = 2147483647;
			files = (
				A5BECF9893DDD1A6FA1434D6 /* Pods_FormTableView.framework in Frameworks */,
			);
			runOnlyForDeploymentPostprocessing = 0;
		};
/* End PBXFrameworksBuildPhase section */

/* Begin PBXGroup section */
		88AC1870605D081C15B241E3 /* Pods */ = {
			isa = PBXGroup;
			children = (
				EB5BCBD0E4EDBF0E35E64A22 /* Pods-FormTableView.debug.xcconfig */,
				BADA7F2E807271C46995A071 /* Pods-FormTableView.release.xcconfig */,
			);
			name = Pods;
			sourceTree = "<group>";
		};
		F4434F7595E628658844477A /* Frameworks */ = {
			isa = PBXGroup;
			children = (
				CFA65C55E4BF662CF33B6C1D /* Pods_FormTableView.framework */,
			);
			name = Frameworks;
			sourceTree = "<group>";
		};
		F44E61881E162B79001609C6 = {
			isa = PBXGroup;
			children = (
				F44E61931E162B79001609C6 /* FormTableView */,
				F44E61921E162B79001609C6 /* Products */,
				88AC1870605D081C15B241E3 /* Pods */,
				F4434F7595E628658844477A /* Frameworks */,
			);
			sourceTree = "<group>";
		};
		F44E61921E162B79001609C6 /* Products */ = {
			isa = PBXGroup;
			children = (
				F44E61911E162B79001609C6 /* FormTableView.app */,
			);
			name = Products;
			sourceTree = "<group>";
		};
		F44E61931E162B79001609C6 /* FormTableView */ = {
			isa = PBXGroup;
			children = (
				F44E61941E162B79001609C6 /* AppDelegate.swift */,
				F44E61961E162B79001609C6 /* ViewController.swift */,
				F44E61981E162B79001609C6 /* Main.storyboard */,
				F44E619B1E162B79001609C6 /* Assets.xcassets */,
				F44E619D1E162B79001609C6 /* LaunchScreen.storyboard */,
				F44E61A01E162B7A001609C6 /* Info.plist */,
			);
			path = FormTableView;
			sourceTree = "<group>";
		};
/* End PBXGroup section */

/* Begin PBXNativeTarget section */
		F44E61901E162B79001609C6 /* FormTableView */ = {
			isa = PBXNativeTarget;
			buildConfigurationList = F44E61A31E162B7A001609C6 /* Build configuration list for PBXNativeTarget "FormTableView" */;
			buildPhases = (
				5C3F5CFD43880EFC56FB236B /* [CP] Check Pods Manifest.lock */,
				F44E618D1E162B79001609C6 /* Sources */,
				F44E618E1E162B79001609C6 /* Frameworks */,
				F44E618F1E162B79001609C6 /* Resources */,
				DD86DEB3275B7C1C37F1517F /* [CP] Embed Pods Frameworks */,
				6998544A989C127069351A4F /* [CP] Copy Pods Resources */,
			);
			buildRules = (
			);
			dependencies = (
			);
			name = FormTableView;
			productName = FormTableView;
			productReference = F44E61911E162B79001609C6 /* FormTableView.app */;
			productType = "com.apple.product-type.application";
		};
/* End PBXNativeTarget section */

/* Begin PBXProject section */
		F44E61891E162B79001609C6 /* Project object */ = {
			isa = PBXProject;
			attributes = {
				LastSwiftUpdateCheck = 0820;
				LastUpgradeCheck = 0820;
				ORGANIZATIONNAME = obizsoft;
				TargetAttributes = {
					F44E61901E162B79001609C6 = {
						CreatedOnToolsVersion = 8.2;
						DevelopmentTeam = RN284G4A9W;
						ProvisioningStyle = Automatic;
					};
				};
			};
			buildConfigurationList = F44E618C1E162B79001609C6 /* Build configuration list for PBXProject "FormTableView" */;
			compatibilityVersion = "Xcode 3.2";
			developmentRegion = English;
			hasScannedForEncodings = 0;
			knownRegions = (
				en,
				Base,
			);
			mainGroup = F44E61881E162B79001609C6;
			productRefGroup = F44E61921E162B79001609C6 /* Products */;
			projectDirPath = "";
			projectRoot = "";
			targets = (
				F44E61901E162B79001609C6 /* FormTableView */,
			);
		};
/* End PBXProject section */

/* Begin PBXResourcesBuildPhase section */
		F44E618F1E162B79001609C6 /* Resources */ = {
			isa = PBXResourcesBuildPhase;
			buildActionMask = 2147483647;
			files = (
				F44E619F1E162B79001609C6 /* LaunchScreen.storyboard in Resources */,
				F44E619C1E162B79001609C6 /* Assets.xcassets in Resources */,
				F44E619A1E162B79001609C6 /* Main.storyboard in Resources */,
			);
			runOnlyForDeploymentPostprocessing = 0;
		};
/* End PBXResourcesBuildPhase section */

/* Begin PBXShellScriptBuildPhase section */
		5C3F5CFD43880EFC56FB236B /* [CP] Check Pods Manifest.lock */ = {
			isa = PBXShellScriptBuildPhase;
			buildActionMask = 2147483647;
			files = (
			);
			inputPaths = (
			);
			name = "[CP] Check Pods Manifest.lock";
			outputPaths = (
			);
			runOnlyForDeploymentPostprocessing = 0;
			shellPath = /bin/sh;
			shellScript = "diff \"${PODS_ROOT}/../Podfile.lock\" \"${PODS_ROOT}/Manifest.lock\" > /dev/null\nif [ $? != 0 ] ; then\n    # print error to STDERR\n    echo \"error: The sandbox is not in sync with the Podfile.lock. Run 'pod install' or update your CocoaPods installation.\" >&2\n    exit 1\nfi\n";
			showEnvVarsInLog = 0;
		};
		6998544A989C127069351A4F /* [CP] Copy Pods Resources */ = {
			isa = PBXShellScriptBuildPhase;
			buildActionMask = 2147483647;
			files = (
			);
			inputPaths = (
			);
			name = "[CP] Copy Pods Resources";
			outputPaths = (
			);
			runOnlyForDeploymentPostprocessing = 0;
			shellPath = /bin/sh;
			shellScript = "\"${SRCROOT}/Pods/Target Support Files/Pods-FormTableView/Pods-FormTableView-resources.sh\"\n";
			showEnvVarsInLog = 0;
		};
		DD86DEB3275B7C1C37F1517F /* [CP] Embed Pods Frameworks */ = {
			isa = PBXShellScriptBuildPhase;
			buildActionMask = 2147483647;
			files = (
			);
			inputPaths = (
			);
			name = "[CP] Embed Pods Frameworks";
			outputPaths = (
			);
			runOnlyForDeploymentPostprocessing = 0;
			shellPath = /bin/sh;
			shellScript = "\"${SRCROOT}/Pods/Target Support Files/Pods-FormTableView/Pods-FormTableView-frameworks.sh\"\n";
			showEnvVarsInLog = 0;
		};
/* End PBXShellScriptBuildPhase section */

/* Begin PBXSourcesBuildPhase section */
		F44E618D1E162B79001609C6 /* Sources */ = {
			isa = PBXSourcesBuildPhase;
			buildActionMask = 2147483647;
			files = (
				F44E61971E162B79001609C6 /* ViewController.swift in Sources */,
				F44E61951E162B79001609C6 /* AppDelegate.swift in Sources */,
			);
			runOnlyForDeploymentPostprocessing = 0;
		};
/* End PBXSourcesBuildPhase section */

/* Begin PBXVariantGroup section */
		F44E61981E162B79001609C6 /* Main.storyboard */ = {
			isa = PBXVariantGroup;
			children = (
				F44E61991E162B79001609C6 /* Base */,
			);
			name = Main.storyboard;
			sourceTree = "<group>";
		};
		F44E619D1E162B79001609C6 /* LaunchScreen.storyboard */ = {
			isa = PBXVariantGroup;
			children = (
				F44E619E1E162B79001609C6 /* Base */,
			);
			name = LaunchScreen.storyboard;
			sourceTree = "<group>";
		};
/* End PBXVariantGroup section */

/* Begin XCBuildConfiguration section */
		F44E61A11E162B7A001609C6 /* Debug */ = {
			isa = XCBuildConfiguration;
			buildSettings = {
				ALWAYS_SEARCH_USER_PATHS = NO;
				CLANG_ANALYZER_NONNULL = YES;
				CLANG_CXX_LANGUAGE_STANDARD = "gnu++0x";
				CLANG_CXX_LIBRARY = "libc++";
				CLANG_ENABLE_MODULES = YES;
				CLANG_ENABLE_OBJC_ARC = YES;
				CLANG_WARN_BOOL_CONVERSION = YES;
				CLANG_WARN_CONSTANT_CONVERSION = YES;
				CLANG_WARN_DIRECT_OBJC_ISA_USAGE = YES_ERROR;
				CLANG_WARN_DOCUMENTATION_COMMENTS = YES;
				CLANG_WARN_EMPTY_BODY = YES;
				CLANG_WARN_ENUM_CONVERSION = YES;
				CLANG_WARN_INFINITE_RECURSION = YES;
				CLANG_WARN_INT_CONVERSION = YES;
				CLANG_WARN_OBJC_ROOT_CLASS = YES_ERROR;
				CLANG_WARN_SUSPICIOUS_MOVE = YES;
				CLANG_WARN_UNREACHABLE_CODE = YES;
				CLANG_WARN__DUPLICATE_METHOD_MATCH = YES;
				"CODE_SIGN_IDENTITY[sdk=iphoneos*]" = "iPhone Developer";
				COPY_PHASE_STRIP = NO;
				DEBUG_INFORMATION_FORMAT = dwarf;
				ENABLE_STRICT_OBJC_MSGSEND = YES;
				ENABLE_TESTABILITY = YES;
				GCC_C_LANGUAGE_STANDARD = gnu99;
				GCC_DYNAMIC_NO_PIC = NO;
				GCC_NO_COMMON_BLOCKS = YES;
				GCC_OPTIMIZATION_LEVEL = 0;
				GCC_PREPROCESSOR_DEFINITIONS = (
					"DEBUG=1",
					"$(inherited)",
				);
				GCC_WARN_64_TO_32_BIT_CONVERSION = YES;
				GCC_WARN_ABOUT_RETURN_TYPE = YES_ERROR;
				GCC_WARN_UNDECLARED_SELECTOR = YES;
				GCC_WARN_UNINITIALIZED_AUTOS = YES_AGGRESSIVE;
				GCC_WARN_UNUSED_FUNCTION = YES;
				GCC_WARN_UNUSED_VARIABLE = YES;
				IPHONEOS_DEPLOYMENT_TARGET = 10.2;
				MTL_ENABLE_DEBUG_INFO = YES;
				ONLY_ACTIVE_ARCH = YES;
				SDKROOT = iphoneos;
				SWIFT_ACTIVE_COMPILATION_CONDITIONS = DEBUG;
				SWIFT_OPTIMIZATION_LEVEL = "-Onone";
			};
			name = Debug;
		};
		F44E61A21E162B7A001609C6 /* Release */ = {
			isa = XCBuildConfiguration;
			buildSettings = {
				ALWAYS_SEARCH_USER_PATHS = NO;
				CLANG_ANALYZER_NONNULL = YES;
				CLANG_CXX_LANGUAGE_STANDARD = "gnu++0x";
				CLANG_CXX_LIBRARY = "libc++";
				CLANG_ENABLE_MODULES = YES;
				CLANG_ENABLE_OBJC_ARC = YES;
				CLANG_WARN_BOOL_CONVERSION = YES;
				CLANG_WARN_CONSTANT_CONVERSION = YES;
				CLANG_WARN_DIRECT_OBJC_ISA_USAGE = YES_ERROR;
				CLANG_WARN_DOCUMENTATION_COMMENTS = YES;
				CLANG_WARN_EMPTY_BODY = YES;
				CLANG_WARN_ENUM_CONVERSION = YES;
				CLANG_WARN_INFINITE_RECURSION = YES;
				CLANG_WARN_INT_CONVERSION = YES;
				CLANG_WARN_OBJC_ROOT_CLASS = YES_ERROR;
				CLANG_WARN_SUSPICIOUS_MOVE = YES;
				CLANG_WARN_UNREACHABLE_CODE = YES;
				CLANG_WARN__DUPLICATE_METHOD_MATCH = YES;
				"CODE_SIGN_IDENTITY[sdk=iphoneos*]" = "iPhone Developer";
				COPY_PHASE_STRIP = NO;
				DEBUG_INFORMATION_FORMAT = "dwarf-with-dsym";
				ENABLE_NS_ASSERTIONS = NO;
				ENABLE_STRICT_OBJC_MSGSEND = YES;
				GCC_C_LANGUAGE_STANDARD = gnu99;
				GCC_NO_COMMON_BLOCKS = YES;
				GCC_WARN_64_TO_32_BIT_CONVERSION = YES;
				GCC_WARN_ABOUT_RETURN_TYPE = YES_ERROR;
				GCC_WARN_UNDECLARED_SELECTOR = YES;
				GCC_WARN_UNINITIALIZED_AUTOS = YES_AGGRESSIVE;
				GCC_WARN_UNUSED_FUNCTION = YES;
				GCC_WARN_UNUSED_VARIABLE = YES;
				IPHONEOS_DEPLOYMENT_TARGET = 10.2;
				MTL_ENABLE_DEBUG_INFO = NO;
				SDKROOT = iphoneos;
				SWIFT_OPTIMIZATION_LEVEL = "-Owholemodule";
				VALIDATE_PRODUCT = YES;
			};
			name = Release;
		};
		F44E61A41E162B7A001609C6 /* Debug */ = {
			isa = XCBuildConfiguration;
			baseConfigurationReference = EB5BCBD0E4EDBF0E35E64A22 /* Pods-FormTableView.debug.xcconfig */;
			buildSettings = {
				ASSETCATALOG_COMPILER_APPICON_NAME = AppIcon;
				DEVELOPMENT_TEAM = RN284G4A9W;
				INFOPLIST_FILE = FormTableView/Info.plist;
				IPHONEOS_DEPLOYMENT_TARGET = 10.0;
				LD_RUNPATH_SEARCH_PATHS = "$(inherited) @executable_path/Frameworks";
				PRODUCT_BUNDLE_IDENTIFIER = com.obizsoft.FormTableView;
				PRODUCT_NAME = "$(TARGET_NAME)";
				SWIFT_VERSION = 3.0;
			};
			name = Debug;
		};
		F44E61A51E162B7A001609C6 /* Release */ = {
			isa = XCBuildConfiguration;
			baseConfigurationReference = BADA7F2E807271C46995A071 /* Pods-FormTableView.release.xcconfig */;
			buildSettings = {
				ASSETCATALOG_COMPILER_APPICON_NAME = AppIcon;
				DEVELOPMENT_TEAM = RN284G4A9W;
				INFOPLIST_FILE = FormTableView/Info.plist;
				IPHONEOS_DEPLOYMENT_TARGET = 10.0;
				LD_RUNPATH_SEARCH_PATHS = "$(inherited) @executable_path/Frameworks";
				PRODUCT_BUNDLE_IDENTIFIER = com.obizsoft.FormTableView;
				PRODUCT_NAME = "$(TARGET_NAME)";
				SWIFT_VERSION = 3.0;
			};
			name = Release;
		};
/* End XCBuildConfiguration section */

/* Begin XCConfigurationList section */
		F44E618C1E162B79001609C6 /* Build configuration list for PBXProject "FormTableView" */ = {
			isa = XCConfigurationList;
			buildConfigurations = (
				F44E61A11E162B7A001609C6 /* Debug */,
				F44E61A21E162B7A001609C6 /* Release */,
			);
			defaultConfigurationIsVisible = 0;
			defaultConfigurationName = Release;
		};
		F44E61A31E162B7A001609C6 /* Build configuration list for PBXNativeTarget "FormTableView" */ = {
			isa = XCConfigurationList;
			buildConfigurations = (
				F44E61A41E162B7A001609C6 /* Debug */,
				F44E61A51E162B7A001609C6 /* Release */,
			);
			defaultConfigurationIsVisible = 0;
			defaultConfigurationName = Release;
		};
/* End XCConfigurationList section */
	};
	rootObject = F44E61891E162B79001609C6 /* Project object */;
}
